{
  "name": "weex-vue-render",
  "version": "0.12.25",
  "lockfileVersion": 1,
  "requires": true,
  "dependencies": {
    "bowser": {
      "version": "https://registry.npmjs.org/bowser/-/bowser-1.6.0.tgz",
      "integrity": "sha1-N/w4e2Fstq7zcNq01r1AK3TFxU0="
    },
    "core-js": {
      "version": "http://registry.npmjs.org/core-js/-/core-js-2.4.1.tgz",
      "integrity": "sha1-TekR5mew6ukSTjQlS1OupvxhjT4="
    },
    "css-in-js-utils": {
      "version": "http://registry.npm.alibaba-inc.com/css-in-js-utils/download/css-in-js-utils-1.0.3.tgz",
      "integrity": "sha1-msfgL3Y8+F2UAXZmVl7WiltfMhU=",
      "requires": {
        "hyphenate-style-name": "http://registry.npm.alibaba-inc.com/hyphenate-style-name/download/hyphenate-style-name-1.0.2.tgz"
      }
    },
    "envd": {
      "version": "https://registry.npm.taobao.org/envd/download/envd-0.1.1.tgz",
      "integrity": "sha1-5m5fc2/Y27G8zyqS5en/idvykpg="
    },
    "httpurl": {
      "version": "https://registry.npm.taobao.org/httpurl/download/httpurl-0.1.1.tgz",
      "integrity": "sha1-UGjfM8TuZr02cXuj+U40waUf+rE="
    },
    "hyphenate-style-name": {
      "version": "http://registry.npm.alibaba-inc.com/hyphenate-style-name/download/hyphenate-style-name-1.0.2.tgz",
      "integrity": "sha1-MRYKNpMK2vH8BMYHT360FGXU7Es="
    },
    "inline-style-prefixer": {
      "version": "https://registry.npmjs.org/inline-style-prefixer/-/inline-style-prefixer-3.0.6.tgz",
      "integrity": "sha1-sn/jCbQWijHq84yOjGCrnnwRcx8=",
      "requires": {
        "bowser": "https://registry.npmjs.org/bowser/-/bowser-1.6.0.tgz",
        "css-in-js-utils": "http://registry.npm.alibaba-inc.com/css-in-js-utils/download/css-in-js-utils-1.0.3.tgz"
      }
    },
    "object-assign": {
      "version": "https://registry.npmjs.org/object-assign/-/object-assign-4.1.1.tgz",
      "integrity": "sha1-IQmtx5ZYh8/AXLvUQsrIv7s2CGM="
    },
    "query-string": {
      "version": "https://registry.npmjs.org/query-string/-/query-string-4.3.2.tgz",
      "integrity": "sha1-7A/XZfWKUAMaOWjCQxOG+JR6XN0=",
      "requires": {
        "object-assign": "https://registry.npmjs.org/object-assign/-/object-assign-4.1.1.tgz",
        "strict-uri-encode": "https://registry.npm.taobao.org/strict-uri-encode/download/strict-uri-encode-1.1.0.tgz"
      }
    },
    "strict-uri-encode": {
      "version": "https://registry.npm.taobao.org/strict-uri-encode/download/strict-uri-encode-1.1.0.tgz",
      "integrity": "sha1-J5siXfHVgrH1TmWt3UNS4Y+qBxM="
    }
  }
}
